
Microsoft Visual Studio Solution File, Format Version 12.00
# Visual Studio Version 17
VisualStudioVersion = 17.12.35506.116 d17.12
MinimumVisualStudioVersion = 10.0.40219.1
Project("{FAE04EC0-301F-11D3-BF4B-00C04F79EFBC}") = "ZoeWorld", "ZoeWorld\ZoeWorld.csproj", "{D4811243-0C80-40FF-960E-84CA65E59E94}"
EndProject
Project("{FAE04EC0-301F-11D3-BF4B-00C04F79EFBC}") = "CandyMedia", "CandyMedia\CandyMedia.csproj", "{1BF9A6AC-A6DD-47C5-B874-00736EB12538}"
EndProject
Global
	GlobalSection(SolutionConfigurationPlatforms) = preSolution
		Debug|Any CPU = Debug|Any CPU
		Release|Any CPU = Release|Any CPU
	EndGlobalSection
	GlobalSection(ProjectConfigurationPlatforms) = postSolution
		{D4811243-0C80-40FF-960E-84CA65E59E94}.Debug|Any CPU.ActiveCfg = Debug|Any CPU
		{D4811243-0C80-40FF-960E-84CA65E59E94}.Debug|Any CPU.Build.0 = Debug|Any CPU
		{D4811243-0C80-40FF-960E-84CA65E59E94}.Release|Any CPU.ActiveCfg = Release|Any CPU
		{D4811243-0C80-40FF-960E-84CA65E59E94}.Release|Any CPU.Build.0 = Release|Any CPU
		{1BF9A6AC-A6DD-47C5-B874-00736EB12538}.Debug|Any CPU.ActiveCfg = Debug|Any CPU
		{1BF9A6AC-A6DD-47C5-B874-00736EB12538}.Debug|Any CPU.Build.0 = Debug|Any CPU
		{1BF9A6AC-A6DD-47C5-B874-00736EB12538}.Release|Any CPU.ActiveCfg = Release|Any CPU
		{1BF9A6AC-A6DD-47C5-B874-00736EB12538}.Release|Any CPU.Build.0 = Release|Any CPU
	EndGlobalSection
	GlobalSection(SolutionProperties) = preSolution
		HideSolutionNode = FALSE
	EndGlobalSection
	GlobalSection(ExtensibilityGlobals) = postSolution
		SolutionGuid = {6019B3C0-FB0D-4121-BB43-4F2568C606DB}
	EndGlobalSection
EndGlobal
